
Microsoft Visual Studio Solution File, Format Version 12.00
# Visual Studio Version 16
VisualStudioVersion = 16.0.32602.291
MinimumVisualStudioVersion = 10.0.40219.1
Project("{FAE04EC0-301F-11D3-BF4B-00C04F79EFBC}") = "POSAccount", "POSAccount.csproj", "{2B145867-AF66-43A8-812E-E1BAE2093263}"
EndProject
Global
	GlobalSection(SolutionConfigurationPlatforms) = preSolution
		Debug|Any CPU = Debug|Any CPU
		Release|Any CPU = Release|Any CPU
	EndGlobalSection
	GlobalSection(ProjectConfigurationPlatforms) = postSolution
		{2B145867-AF66-43A8-812E-E1BAE2093263}.Debug|Any CPU.ActiveCfg = Debug|Any CPU
		{2B145867-AF66-43A8-812E-E1BAE2093263}.Debug|Any CPU.Build.0 = Debug|Any CPU
		{2B145867-AF66-43A8-812E-E1BAE2093263}.Release|Any CPU.ActiveCfg = Release|Any CPU
		{2B145867-AF66-43A8-812E-E1BAE2093263}.Release|Any CPU.Build.0 = Release|Any CPU
	EndGlobalSection
	GlobalSection(SolutionProperties) = preSolution
		HideSolutionNode = FALSE
	EndGlobalSection
	GlobalSection(ExtensibilityGlobals) = postSolution
		SolutionGuid = {4E10E7D5-12BE-44D1-B93A-CCA8D442631B}
	EndGlobalSection
EndGlobal
